
Microsoft Visual Studio Solution File, Format Version 12.00
# Visual Studio Version 17
VisualStudioVersion = 17.4.33213.308
MinimumVisualStudioVersion = 10.0.40219.1
Project("{9A19103F-16F7-4668-BE54-9A1E7A4F7556}") = "BankManagement", "BankManagement\BankManagement.csproj", "{F93D50A3-D8CD-4508-80FD-3ABEA74E7E9D}"
EndProject
Project("{FAE04EC0-301F-11D3-BF4B-00C04F79EFBC}") = "BankManagementWF", "BankManagementWF\BankManagementWF.csproj", "{8AA6F992-6607-496E-8878-4BD8091C7234}"
EndProject
Global
	GlobalSection(SolutionConfigurationPlatforms) = preSolution
		Debug|Any CPU = Debug|Any CPU
		Release|Any CPU = Release|Any CPU
	EndGlobalSection
	GlobalSection(ProjectConfigurationPlatforms) = postSolution
		{F93D50A3-D8CD-4508-80FD-3ABEA74E7E9D}.Debug|Any CPU.ActiveCfg = Debug|Any CPU
		{F93D50A3-D8CD-4508-80FD-3ABEA74E7E9D}.Debug|Any CPU.Build.0 = Debug|Any CPU
		{F93D50A3-D8CD-4508-80FD-3ABEA74E7E9D}.Release|Any CPU.ActiveCfg = Release|Any CPU
		{F93D50A3-D8CD-4508-80FD-3ABEA74E7E9D}.Release|Any CPU.Build.0 = Release|Any CPU
		{8AA6F992-6607-496E-8878-4BD8091C7234}.Debug|Any CPU.ActiveCfg = Debug|Any CPU
		{8AA6F992-6607-496E-8878-4BD8091C7234}.Debug|Any CPU.Build.0 = Debug|Any CPU
		{8AA6F992-6607-496E-8878-4BD8091C7234}.Release|Any CPU.ActiveCfg = Release|Any CPU
		{8AA6F992-6607-496E-8878-4BD8091C7234}.Release|Any CPU.Build.0 = Release|Any CPU
	EndGlobalSection
	GlobalSection(SolutionProperties) = preSolution
		HideSolutionNode = FALSE
	EndGlobalSection
	GlobalSection(ExtensibilityGlobals) = postSolution
		SolutionGuid = {2E48A982-9260-4851-AEBF-4664CB81E47C}
	EndGlobalSection
EndGlobal
