
Microsoft Visual Studio Solution File, Format Version 12.00
# Visual Studio Version 17
VisualStudioVersion = 17.4.33213.308
MinimumVisualStudioVersion = 10.0.40219.1
Project("{FAE04EC0-301F-11D3-BF4B-00C04F79EFBC}") = "BankManangement", "BankManangement\BankManangement.csproj", "{8F56FE49-D270-48FF-AA4B-C9B883D781B1}"
EndProject
Global
	GlobalSection(SolutionConfigurationPlatforms) = preSolution
		Debug|Any CPU = Debug|Any CPU
		Release|Any CPU = Release|Any CPU
	EndGlobalSection
	GlobalSection(ProjectConfigurationPlatforms) = postSolution
		{8F56FE49-D270-48FF-AA4B-C9B883D781B1}.Debug|Any CPU.ActiveCfg = Debug|Any CPU
		{8F56FE49-D270-48FF-AA4B-C9B883D781B1}.Debug|Any CPU.Build.0 = Debug|Any CPU
		{8F56FE49-D270-48FF-AA4B-C9B883D781B1}.Release|Any CPU.ActiveCfg = Release|Any CPU
		{8F56FE49-D270-48FF-AA4B-C9B883D781B1}.Release|Any CPU.Build.0 = Release|Any CPU
	EndGlobalSection
	GlobalSection(SolutionProperties) = preSolution
		HideSolutionNode = FALSE
	EndGlobalSection
	GlobalSection(ExtensibilityGlobals) = postSolution
		SolutionGuid = {8DD1A9EE-4BE6-48FF-BC7A-63345AE842D5}
	EndGlobalSection
EndGlobal
